{
  "name": "url_shortener",
  "version": "1.0.0",
  "lockfileVersion": 1,
  "requires": true,
  "dependencies": {
    "assertion-error": {
      "version": "1.1.0",
      "resolved": "https://registry.npmjs.org/assertion-error/-/assertion-error-1.1.0.tgz",
      "integrity": "sha512-jgsaNduz+ndvGyFt3uSuWqvy4lCnIJiovtouQN5JZHOKCS2QuhEdbcQHFhVksz2N2U9hXJo8odG7ETyWlEeuDw==",
      "dev": true
    },
    "axios": {
      "version": "0.18.0",
      "resolved": "http://registry.npmjs.org/axios/-/axios-0.18.0.tgz",
      "integrity": "sha1-MtU+SFHv3AoRmTts0AB4nXDAUQI=",
      "requires": {
        "follow-redirects": "^1.3.0",
        "is-buffer": "^1.1.5"
      }
    },
    "chai": {
      "version": "4.2.0",
      "resolved": "https://registry.npmjs.org/chai/-/chai-4.2.0.tgz",
      "integrity": "sha512-XQU3bhBukrOsQCuwZndwGcCVQHyZi53fQ6Ys1Fym7E4olpIqqZZhhoFJoaKVvV17lWQoXYwgWN2nF5crA8J2jw==",
      "dev": true,
      "requires": {
        "assertion-error": "^1.1.0",
        "check-error": "^1.0.2",
        "deep-eql": "^3.0.1",
        "get-func-name": "^2.0.0",
        "pathval": "^1.1.0",
        "type-detect": "^4.0.5"
      }
    },
    "check-error": {
      "version": "1.0.2",
      "resolved": "https://registry.npmjs.org/check-error/-/check-error-1.0.2.tgz",
      "integrity": "sha1-V00xLt2Iu13YkS6Sht1sCu1KrII=",
      "dev": true
    },
    "deep-eql": {
      "version": "3.0.1",
      "resolved": "https://registry.npmjs.org/deep-eql/-/deep-eql-3.0.1.tgz",
      "integrity": "sha512-+QeIQyN5ZuO+3Uk5DYh6/1eKO0m0YmJFGNmFHGACpf1ClL1nmlV/p4gNgbl2pJGxgXb4faqo6UE+M5ACEMyVcw==",
      "dev": true,
      "requires": {
        "type-detect": "^4.0.0"
      }
    },
    "follow-redirects": {
      "version": "1.5.10",
      "resolved": "https://registry.npmjs.org/follow-redirects/-/follow-redirects-1.5.10.tgz",
      "integrity": "sha512-0V5l4Cizzvqt5D44aTXbFZz+FtyXV1vrDN6qrelxtfYQKW0KO0W2T/hkE8xvGa/540LkZlkaUjO4ailYTFtHVQ==",
      "requires": {
        "debug": "=3.1.0"
      },
      "dependencies": {
        "debug": {
          "version": "3.1.0",
          "resolved": "https://registry.npmjs.org/debug/-/debug-3.1.0.tgz",
          "integrity": "sha512-OX8XqP7/1a9cqkxYw2yXss15f26NKWBpDXQd0/uK/KPqdQhxbPa994hnzjcE2VqQpDslf55723cKPUOGSmMY3g==",
          "requires": {
            "ms": "2.0.0"
          }
        }
      }
    },
    "get-func-name": {
      "version": "2.0.0",
      "resolved": "https://registry.npmjs.org/get-func-name/-/get-func-name-2.0.0.tgz",
      "integrity": "sha1-6td0q+5y4gQJQzoGY2YCPdaIekE=",
      "dev": true
    },
    "is": {
      "version": "0.2.7",
      "resolved": "http://registry.npmjs.org/is/-/is-0.2.7.tgz",
      "integrity": "sha1-OzSixI81mXLzUEKEkZOucmS2NWI="
    },
    "is-absolute": {
      "version": "0.2.6",
      "resolved": "https://registry.npmjs.org/is-absolute/-/is-absolute-0.2.6.tgz",
      "integrity": "sha1-IN5p89uULvLYe5wto28XIjWxtes=",
      "requires": {
        "is-relative": "^0.2.1",
        "is-windows": "^0.2.0"
      }
    },
    "is-buffer": {
      "version": "1.1.6",
      "resolved": "https://registry.npmjs.org/is-buffer/-/is-buffer-1.1.6.tgz",
      "integrity": "sha512-NcdALwpXkTm5Zvvbk7owOUSvVvBKDgKP5/ewfXEznmQFfs4ZRmanOeKBTjRVjka3QFoN6XJ+9F3USqfHqTaU5w=="
    },
    "is-relative": {
      "version": "0.2.1",
      "resolved": "https://registry.npmjs.org/is-relative/-/is-relative-0.2.1.tgz",
      "integrity": "sha1-0n9MfVFtF1+2ENuEu+7yPDvJeqU=",
      "requires": {
        "is-unc-path": "^0.1.1"
      }
    },
    "is-unc-path": {
      "version": "0.1.2",
      "resolved": "https://registry.npmjs.org/is-unc-path/-/is-unc-path-0.1.2.tgz",
      "integrity": "sha1-arBTpyVzwQJQ/0FqOBTDUXivObk=",
      "requires": {
        "unc-path-regex": "^0.1.0"
      }
    },
    "is-windows": {
      "version": "0.2.0",
      "resolved": "https://registry.npmjs.org/is-windows/-/is-windows-0.2.0.tgz",
      "integrity": "sha1-3hqm1j6indJIc3tp8f+LgALSEIw="
    },
    "minimist": {
      "version": "0.0.8",
      "resolved": "http://registry.npmjs.org/minimist/-/minimist-0.0.8.tgz",
      "integrity": "sha1-hX/Kv8M5fSYluCKCYuhqp6ARsF0="
    },
    "mkdirp": {
      "version": "0.5.1",
      "resolved": "http://registry.npmjs.org/mkdirp/-/mkdirp-0.5.1.tgz",
      "integrity": "sha1-MAV0OOrGz3+MR2fzhkjWaX11yQM=",
      "requires": {
        "minimist": "0.0.8"
      }
    },
    "mkdirp-no-bin": {
      "version": "0.5.1",
      "resolved": "https://registry.npmjs.org/mkdirp-no-bin/-/mkdirp-no-bin-0.5.1.tgz",
      "integrity": "sha1-NMYjGW02+y7i5WGrYHMFYy4AYZ8="
    },
    "ms": {
      "version": "2.0.0",
      "resolved": "https://registry.npmjs.org/ms/-/ms-2.0.0.tgz",
      "integrity": "sha1-VgiurfwAvmwpAd9fmGF4jeDVl8g="
    },
    "node-persist": {
      "version": "3.0.1",
      "resolved": "https://registry.npmjs.org/node-persist/-/node-persist-3.0.1.tgz",
      "integrity": "sha512-bNDhJBYhedVQdVCK1zGmaxsNSSKZPiuzi/FeNXBww14yHtEqrXw7efP6IIPFkBIlwHV6E7YHCUNxv2FHDqKt2g==",
      "requires": {
        "is-absolute": "^0.2.6",
        "mkdirp": "~0.5.1"
      }
    },
    "node.extend": {
      "version": "1.0.8",
      "resolved": "http://registry.npmjs.org/node.extend/-/node.extend-1.0.8.tgz",
      "integrity": "sha1-urBDefc4P0WHmQyd8Htqf2Xbdys=",
      "requires": {
        "is": "~0.2.6",
        "object-keys": "~0.4.0"
      }
    },
    "node.flow": {
      "version": "1.2.3",
      "resolved": "https://registry.npmjs.org/node.flow/-/node.flow-1.2.3.tgz",
      "integrity": "sha1-4cRKgq7KjXi0WKd/s9xkLy66Jkk=",
      "requires": {
        "node.extend": "1.0.8"
      }
    },
    "object-keys": {
      "version": "0.4.0",
      "resolved": "https://registry.npmjs.org/object-keys/-/object-keys-0.4.0.tgz",
      "integrity": "sha1-KKaq50KN0sOpLz2V8hM13SBOAzY="
    },
    "pathval": {
      "version": "1.1.0",
      "resolved": "https://registry.npmjs.org/pathval/-/pathval-1.1.0.tgz",
      "integrity": "sha1-uULm1L3mUwBe9rcTYd74cn0GReA=",
      "dev": true
    },
    "persistent-cache": {
      "version": "1.1.1",
      "resolved": "https://registry.npmjs.org/persistent-cache/-/persistent-cache-1.1.1.tgz",
      "integrity": "sha1-ndiBPghcSrowmHsI4RqcqGpipUw=",
      "requires": {
        "mkdirp-no-bin": "^0.5.1",
        "rmdir": "^1.2.0"
      }
    },
    "readline": {
      "version": "1.3.0",
      "resolved": "https://registry.npmjs.org/readline/-/readline-1.3.0.tgz",
      "integrity": "sha1-xYDXfvLPyHUrEySYBg3JeTp6wBw="
    },
    "rmdir": {
      "version": "1.2.0",
      "resolved": "https://registry.npmjs.org/rmdir/-/rmdir-1.2.0.tgz",
      "integrity": "sha1-T+A1fLBhaMJY5z6WgJPcTooPMlM=",
      "requires": {
        "node.flow": "1.2.3"
      }
    },
    "type-detect": {
      "version": "4.0.8",
      "resolved": "https://registry.npmjs.org/type-detect/-/type-detect-4.0.8.tgz",
      "integrity": "sha512-0fr/mIH1dlO+x7TlcMy+bIDqKPsw/70tVyeHW787goQjhmqaZe10uwLujubK9q9Lg6Fiho1KUKDYz0Z7k7g5/g==",
      "dev": true
    },
    "unc-path-regex": {
      "version": "0.1.2",
      "resolved": "https://registry.npmjs.org/unc-path-regex/-/unc-path-regex-0.1.2.tgz",
      "integrity": "sha1-5z3T17DXxe2G+6xrCufYxqadUPo="
    }
  }
}
